
Microsoft Visual Studio Solution File, Format Version 12.00
# Visual Studio Version 17
VisualStudioVersion = 17.11.35327.3
MinimumVisualStudioVersion = 10.0.40219.1
Project("{FAE04EC0-301F-11D3-BF4B-00C04F79EFBC}") = "Calculadora", "Calculadora.csproj", "{B2E9D13C-AD57-4EDE-8398-6D13D72E0B62}"
EndProject
Global
	GlobalSection(SolutionConfigurationPlatforms) = preSolution
		Debug|Any CPU = Debug|Any CPU
		Release|Any CPU = Release|Any CPU
	EndGlobalSection
	GlobalSection(ProjectConfigurationPlatforms) = postSolution
		{B2E9D13C-AD57-4EDE-8398-6D13D72E0B62}.Debug|Any CPU.ActiveCfg = Debug|Any CPU
		{B2E9D13C-AD57-4EDE-8398-6D13D72E0B62}.Debug|Any CPU.Build.0 = Debug|Any CPU
		{B2E9D13C-AD57-4EDE-8398-6D13D72E0B62}.Release|Any CPU.ActiveCfg = Release|Any CPU
		{B2E9D13C-AD57-4EDE-8398-6D13D72E0B62}.Release|Any CPU.Build.0 = Release|Any CPU
	EndGlobalSection
	GlobalSection(SolutionProperties) = preSolution
		HideSolutionNode = FALSE
	EndGlobalSection
	GlobalSection(ExtensibilityGlobals) = postSolution
		SolutionGuid = {56AC2BF4-F80B-4864-96FB-F666DFAF2200}
	EndGlobalSection
EndGlobal
